dario.cat/mergo v1.0.2 h1:85+piFYR1tMbRrLcDwR18y4UKJ3aH1Tbzi24VRW1TK8=
dario.cat/mergo v1.0.2/go.mod h1:E/hbnu0NxMFBjpMIE34DRGLWqDy0g5FuKDhCb31ngxA=
github.com/AlekSi/gocov-xml v0.0.0-20190121064608-3a14fb1c4737 h1:JZHBkt0GhM+ARQykshqpI49yaWCHQbJonH3XpDTwMZQ=
github.com/AlekSi/gocov-xml v0.0.0-20190121064608-3a14fb1c4737/go.mod h1:w1KSuh2JgIL3nyRiZijboSUwbbxOrTzWwyWVFUHtXBQ=
github.com/BurntSushi/toml v1.4.1-0.20240526193622-a339e1f7089c h1:pxW6RcqyfI9/kWtOwnv/G+AzdKuy2ZrqINhenH4HyNs=
github.com/BurntSushi/toml v1.4.1-0.20240526193622-a339e1f7089c/go.mod h1:ukJfTF/6rtPPRCnwkur4qwRxa8vTRFBF0uk2lLoLwho=
github.com/Masterminds/goutils v1.1.1 h1:5nUrii3FMTL5diU80unEVvNevw1nH4+ZV4DSLVJLSYI=
github.com/Masterminds/goutils v1.1.1/go.mod h1:8cTjp+g8YejhMuvIA5y2vz3BpJxksy863GQaJW2MFNU=
github.com/Masterminds/semver/v3 v3.5.0 h1:kQceYJfbupGfZOKZQg0kou0DgAKhzDg2NZPAwZ/2OOE=
github.com/Masterminds/semver/v3 v3.5.0/go.mod h1:4V+yj/TJE1HU9XfppCwVMZq3I84lprf4nC11bSS5beM=
github.com/Masterminds/sprig/v3 v3.3.0 h1:mQh0Yrg1XPo6vjYXgtf5OtijNAKJRNcTdOOGZe3tPhs=
github.com/Masterminds/sprig/v3 v3.3.0/go.mod h1:Zy1iXRYNqNLUolqCpL4uhk6SHUMAOSCzdgBfDb35Lz0=
github.com/SladkyCitron/slogcolor v1.9.0 h1:fr4LeG+T6pZ1RYNNOP925jaBYrTdpA6BLzGy29yd4vI=
github.com/SladkyCitron/slogcolor v1.9.0/go.mod h1:ft8LEVIl4isUkebakhv+ngNXJjWBumnwhXfxTLApf3M=
github.com/axw/gocov v1.0.0 h1:YsqYR66hUmilVr23tu8USgnJIJvnwh3n7j5zRn7x4LU=
github.com/axw/gocov v1.0.0/go.mod h1:LvQpEYiwwIb2nYkXY2fDWhg9/AsYqkhmrCshjlUJECE=
github.com/chigopher/pathlib v0.19.1 h1:RoLlUJc0CqBGwq239cilyhxPNLXTK+HXoASGyGznx5A=
github.com/chigopher/pathlib v0.19.1/go.mod h1:tzC1dZLW8o33UQpWkNkhvPwL5n4yyFRFm/jL1YGWFvY=
github.com/client9/misspell v0.3.4 h1:ta993UF76GwbvJcIo3Y68y/M3WxlpEHPWIGDkJYwzJI=
github.com/client9/misspell v0.3.4/go.mod h1:qj6jICC3Q7zFZvVWo7KLAzC3yx5G7kyvSDkc90ppPyw=
github.com/coreos/go-systemd/v22 v22.3.3-0.20220203105225-a9a7ef127534/go.mod h1:Y58oyj3AT4RCenI/lSvhwexgC+NSVTIJ3seZv2GcEnc=
github.com/cpuguy83/go-md2man/v2 v2.0.2/go.mod h1:tgQtvFlXSQOSOSIRvRPT7W67SCa46tRHOmNcaadrF8o=
github.com/creack/pty v1.1.9/go.mod h1:oKZEueFk5CKHvIhNR5MUki03XCEU+Q6VDXinZuGJ33E=
github.com/davecgh/go-spew v1.1.2-0.20180830191138-d8f796af33cc h1:U9qPSI2PIWSS1VwoXQT9A3Wy9MM3WgvqSxFWenqJduM=
github.com/davecgh/go-spew v1.1.2-0.20180830191138-d8f796af33cc/go.mod h1:J7Y8YcW2NihsgmVo/mv3lAwl/skON4iLHjSsI+c5H38=
github.com/fatih/color v1.16.0 h1:zmkK9Ngbjj+K0yRhTVONQh1p/HknKYSlNT+vZCzyokM=
github.com/fatih/color v1.16.0/go.mod h1:fL2Sau1YI5c0pdGEVCbKQbLXB6edEj1ZgiY4NijnWvE=
github.com/felixge/httpsnoop v1.0.4 h1:NFTV2Zj1bL4mc9sqWACXbQFVBBg2W3GPvqp8/ESS2Wg=
github.com/felixge/httpsnoop v1.0.4/go.mod h1:m8KPJKqk1gH5J9DgRY2ASl2lWCfGKXixSwevea8zH2U=
github.com/frankban/quicktest v1.14.6 h1:7Xjx+VpznH+oBnejlPUj8oUpdxnVs4f8XU8WnHkI4W8=
github.com/frankban/quicktest v1.14.6/go.mod h1:4ptaffx2x8+WTWXmUCuVU6aPUX1/Mz7zb5vbUoiM6w0=
github.com/fsnotify/fsnotify v1.10.1 h1:b0/UzAf9yR5rhf3RPm9gf3ehBPpf0oZKIjtpKrx59Ho=
github.com/fsnotify/fsnotify v1.10.1/go.mod h1:TLheqan6HD6GBK6PrDWyDPBaEV8LspOxvPSjC+bVfgo=
github.com/gkampitakis/ciinfo v0.3.2 h1:JcuOPk8ZU7nZQjdUhctuhQofk7BGHuIy0c9Ez8BNhXs=
github.com/gkampitakis/ciinfo v0.3.2/go.mod h1:1NIwaOcFChN4fa/B0hEBdAb6npDlFL8Bwx4dfRLRqAo=
github.com/gkampitakis/go-diff v1.3.2 h1:Qyn0J9XJSDTgnsgHRdz9Zp24RaJeKMUHg2+PDZZdC4M=
github.com/gkampitakis/go-diff v1.3.2/go.mod h1:LLgOrpqleQe26cte8s36HTWcTmMEur6OPYerdAAS9tk=
github.com/gkampitakis/go-snaps v0.5.15 h1:amyJrvM1D33cPHwVrjo9jQxX8g/7E2wYdZ+01KS3zGE=
github.com/gkampitakis/go-snaps v0.5.15/go.mod h1:HNpx/9GoKisdhw9AFOBT1N7DBs9DiHo/hGheFGBZ+mc=
github.com/go-logr/logr v1.4.3 h1:CjnDlHq8ikf6E492q6eKboGOC0T8CDaOvkHCIg8idEI=
github.com/go-logr/logr v1.4.3/go.mod h1:9T104GzyrTigFIr8wt5mBrctHMim0Nb2HLGrmQ40KvY=
github.com/go-openapi/analysis v0.25.2 h1:I0vy4n3alz+DHTiN1PRhCb7QZxkK6g5YmswZKv2TKuw=
github.com/go-openapi/analysis v0.25.2/go.mod h1:Uhs1t/2XR10EnwONYILGEzw8gcfGIG5Xk5K2AxnhqDo=
github.com/go-openapi/codescan v0.35.0 h1:3/gf2XNj5rnmJyLEMdoWqvPOAbt501pM4r8TNhsl6S8=
github.com/go-openapi/codescan v0.35.0/go.mod h1:l2yoPWp3zPVlRzHnVWdHuwrQOQEEAjHlLFyblVtxGF4=
github.com/go-openapi/errors v0.22.8 h1:oP7sW7TWc3wFFjrzzj0nI83H2qMBkNjNfSd+XRejk/I=
github.com/go-openapi/errors v0.22.8/go.mod h1:BuUoHcYrU6E7V9gfj1I5wLQqgtIHnup/alXZ8KdgQ0w=
github.com/go-openapi/inflect v0.21.6 h1:0Se5BlyDT4hnV9JQQKA63W9TIUU6SC4hPJiY3qJOEzQ=
github.com/go-openapi/inflect v0.21.6/go.mod h1:ksYcnLD7j24H79hdqOMmWaLXjFXd0LTkRoBA0UazLW8=
github.com/go-openapi/jsonpointer v0.23.1 h1:1HBACs7XIwR2RcmItfdSFlALhGbe6S92p0ry4d1GWg4=
github.com/go-openapi/jsonpointer v0.23.1/go.mod h1:iWRmZTrGn7XwYhtPt/fvdSFj1OfNBngqRT2UG3BxSqY=
github.com/go-openapi/jsonreference v0.21.6 h1:NZ5nGfnaM1n4I43Xjm1e5/M2GjOwQwndQz22uhxwD+Y=
github.com/go-openapi/jsonreference v0.21.6/go.mod h1:xzbgtQ3ZbWxvET3AxdzCJlJt6vkovbf+IfSPJjD0tUY=
github.com/go-openapi/loads v0.24.0 h1:4LLorXRPTzIN9V6ngMUZbAscsBOUBk3Oa8cClu/bFrQ=
github.com/go-openapi/loads v0.24.0/go.mod h1:xQMgX+hw5xRAhGrcDXxeMw78IFqUpIzhleu3HqPhyF4=
github.com/go-openapi/runtime v0.32.4 h1:8ElGj/3goG0itt0nBPP6Cm57ehcYyuHoI3O20nxgvkw=
github.com/go-openapi/runtime v0.32.4/go.mod h1:Bz6keOZw1NX4T6f+m42OoT1MBPDt6Re13dbccHyGH/4=
github.com/go-openapi/runtime/server-middleware v0.32.4 h1:AU6eLMq9CXwh8f6kC1pivtkz+7lfo3TmakMBbUisKME=
github.com/go-openapi/runtime/server-middleware v0.32.4/go.mod h1:fYPep4GdTwg/XqZUjR40uIM/8C12Ba5M+MrGCiwpTHo=
github.com/go-openapi/spec v0.22.6 h1:Tyy1pLaNCM8GBCFLoGYLonjJi6zykqyLCjXLc19ZPic=
github.com/go-openapi/spec v0.22.6/go.mod h1:HZvTHat+iH0PALQRWhrqIHtU/PEqxqd89fu0MxGlMeM=
github.com/go-openapi/strfmt v0.26.3 h1:rzmslHarJgBbf2qfGge+X3htclQfmXqBZMm0Too0HhU=
github.com/go-openapi/strfmt v0.26.3/go.mod h1:a5nsUw0oRpQzZeOwx8bi6cKbzFZslpbCKt1LEot+KnQ=
github.com/go-openapi/swag v0.26.1 h1:l5sVEyVpwj+DDYeZyo7wQI/Ebn/mKYIyGB/pFwAfGoQ=
github.com/go-openapi/swag/conv v0.26.1 h1:slr5FVkg9Wc3Y5zcwenD8Sd/PQ94b2I/QJI7N7KTBpg=
github.com/go-openapi/swag/conv v0.26.1/go.mod h1:mvQXgPptZk9GTrFgGwWvT4q+dN+zQej9JfmGwnipz1A=
github.com/go-openapi/swag/fileutils v0.26.1 h1:K1XCM2CGhfNsc6YDt6v7Q5+1e59rftYWdcu/isZhvFw=
github.com/go-openapi/swag/fileutils v0.26.1/go.mod h1:mYUgxQAKX4ShS3qvvySx+/9yrlUnDhjiD1CalaQl8lQ=
github.com/go-openapi/swag/jsonname v0.26.1 h1:VReupaV6WxlAsCn0e4DUfgV6bPmINnPpyJDLqSfNPcE=
github.com/go-openapi/swag/jsonname v0.26.1/go.mod h1:OvdW6BoWoj33pTfi7x9vFrgmT+fk7aw0BRwvCE0YOuc=
github.com/go-openapi/swag/jsonutils v0.26.1 h1:2hdBfFkHg+7Wrz2VsCbeyR6hzkRDs7AztnMR2u84yOY=
github.com/go-openapi/swag/jsonutils v0.26.1/go.mod h1:U+RMJH3wa+6BRiphuRtIyI8fW9HPFqFQ4sHk2oRx0UQ=
github.com/go-openapi/swag/jsonutils/fixtures_test v0.26.1 h1:1CD7NiLLb/TXl3tOnFYU4b+mNfb5rtgHkaA+q7RMYYQ=
github.com/go-openapi/swag/jsonutils/fixtures_test v0.26.1/go.mod h1:ZWafc8nMdYzTE3uYY6W86f0n46+IF0g4uUyRhJw/kXc=
github.com/go-openapi/swag/loading v0.26.1 h1:E9K4wqXeROlhjFQ13K9zMz6ojFGXIggGe+ad1odrK9w=
github.com/go-openapi/swag/loading v0.26.1/go.mod h1:3qvRIlWzWdq1HvmldwmuJ2ohpcAryN6xVt2OTKd0/7E=
github.com/go-openapi/swag/mangling v0.26.1 h1:gpYI4WuPKFJJVjV5cDLGlDVJhFIxYjQc7yN5eEb4CqM=
github.com/go-openapi/swag/mangling v0.26.1/go.mod h1:POETDH01hqAdASXfw7ISEd9bCOE6xBHOt8NHmGZRmYM=
github.com/go-openapi/swag/netutils v0.26.1 h1:BNctoc39WTAUMxyAs355fExOPzMZtPbZ0ZZ1Am2FR5M=
github.com/go-openapi/swag/netutils v0.26.1/go.mod h1:y02vByhZhQPAVwOX+0KipXFZ/hUbk6G/Enhf5rGaOkQ=
github.com/go-openapi/swag/stringutils v0.26.1 h1:f88uYyTso7TnHrKM/bUBsQ5e2wKf37cpgo6pvbzd9yU=
github.com/go-openapi/swag/stringutils v0.26.1/go.mod h1:Sc6d3bU8fgk5AyZR8/8jEQ+Is/Ald+TD/IIggPN8UJk=
github.com/go-openapi/swag/typeutils v0.26.1 h1:yg42FgMzRR6PVQ3M3qHz1s+Y6/P4HoJ3cBarXa3OVnU=
github.com/go-openapi/swag/typeutils v0.26.1/go.mod h1:VfnV+oUtSP2vCSCn2aJgnr8OevUYemyIzzS1VOzS10o=
github.com/go-openapi/swag/yamlutils v0.26.1 h1:0TSLK+lXs9vfIhAWzBeI/lOzEnIoot6WTCO1aAeWFTk=
github.com/go-openapi/swag/yamlutils v0.26.1/go.mod h1:7W5b7PRX9MxwL7TjeG7H8HkyBGRsIDRObhyMWFgBI2M=
github.com/go-openapi/testify/enable/yaml/v2 v2.5.1 h1:q9NtHwK4qHF7yZziBPvZyv7zWAIk8ok88Gh2mR6Jpc8=
github.com/go-openapi/testify/enable/yaml/v2 v2.5.1/go.mod h1:JW0MXIotCYps/XsgJnG3a8Q7rE5xAiBwoOD5OfaIQBk=
github.com/go-openapi/testify/v2 v2.5.1 h1:TMdhCaw8fUNraVSf3Omoob1dO/AzBfhtFAPW0an6sBo=
github.com/go-openapi/testify/v2 v2.5.1/go.mod h1:SgsVHtfooshd0tublTtJ50FPKhujf47YRqauXXOUxfw=
github.com/go-openapi/validate v0.26.0 h1:dxWzQ3F+vb1SajqUxHjwb5T4mTpSHmdrtv5Bi7+ZNhw=
github.com/go-openapi/validate v0.26.0/go.mod h1:b4o00uq7fJeJA+wWhVFCJpKTctzeFwzZImGGmHsl2JA=
github.com/go-swagger/go-swagger v0.35.0 h1:RUBCTio++jdoq8GpLkZVuv5Ie0NyTfnox0CKbTOcTbU=
github.com/go-swagger/go-swagger v0.35.0/go.mod h1:AlIQXS+W/Vd/f0dv7/KZVkjSy+MYmY0MZVuTDl6kz4E=
github.com/go-task/slim-sprig/v3 v3.0.0 h1:sUs3vkvUymDpBKi3qH1YSqBQk9+9D/8M2mN1vB6EwHI=
github.com/go-task/slim-sprig/v3 v3.0.0/go.mod h1:W848ghGpv3Qj3dhTPRyJypKRiqCdHZiAzKg9hl15HA8=
github.com/go-viper/mapstructure/v2 v2.5.0 h1:vM5IJoUAy3d7zRSVtIwQgBj7BiWtMPfmPEgAXnvj1Ro=
github.com/go-viper/mapstructure/v2 v2.5.0/go.mod h1:oJDH3BJKyqBA2TXFhDsKDGDTlndYOZ6rGS0BRZIxGhM=
github.com/goccy/go-yaml v1.18.0 h1:8W7wMFS12Pcas7KU+VVkaiCng+kG8QiFeFwzFb+rwuw=
github.com/goccy/go-yaml v1.18.0/go.mod h1:XBurs7gK8ATbW4ZPGKgcbrY1Br56PdM69F7LkFRi1kA=
github.com/godbus/dbus/v5 v5.0.4/go.mod h1:xhWf0FNVPg57R7Z0UbKHbJfkEywrmjJnf7w5xrFpKfA=
github.com/google/go-cmp v0.5.4/go.mod h1:v8dTdLbMG2kIc/vJvl+f65V22dbkXbowE6jgT/gNBxE=
github.com/google/go-cmp v0.7.0 h1:wk8382ETsv4JYUZwIsn6YpYiWiBsYLSJiTsyBybVuN8=
github.com/google/go-cmp v0.7.0/go.mod h1:pXiqmnSA92OHEEa9HXL2W4E7lf9JzCmGVUdgjX3N/iU=
github.com/google/pprof v0.0.0-20250403155104-27863c87afa6 h1:BHT72Gu3keYf3ZEu2J0b1vyeLSOYI8bm5wbJM/8yDe8=
github.com/google/pprof v0.0.0-20250403155104-27863c87afa6/go.mod h1:boTsfXsheKC2y+lKOCMpSfarhxDeIzfZG1jqGcPl3cA=
github.com/google/uuid v1.6.0 h1:NIvaJDMOsjHA8n1jAhLSgzrAzy1Hgr+hNrb57e+94F0=
github.com/google/uuid v1.6.0/go.mod h1:TIyPZe4MgqvfeYDBFedMoGGpEw/LqOeaOT+nhxU+yHo=
github.com/gorilla/handlers v1.5.2 h1:cLTUSsNkgcwhgRqvCNmdbRWG0A3N4F+M2nWKdScwyEE=
github.com/gorilla/handlers v1.5.2/go.mod h1:dX+xVpaxdSw+q0Qek8SSsl3dfMk3jNddUkMzo0GtH0w=
github.com/huandu/xstrings v1.5.0 h1:2ag3IFq9ZDANvthTwTiqSSZLjDc+BedvHPAp5tJy2TI=
github.com/huandu/xstrings v1.5.0/go.mod h1:y5/lhBue+AyNmUVz9RLU9xbLR0o4KIIExikq4ovT0aE=
github.com/iancoleman/strcase v0.2.0 h1:05I4QRnGpI0m37iZQRuskXh+w77mr6Z41lwQzuHLwW0=
github.com/iancoleman/strcase v0.2.0/go.mod h1:iwCmte+B7n89clKwxIoIXy/HfoL7AsD47ZCWhYzw7ho=
github.com/inconshreveable/mousetrap v1.0.1/go.mod h1:vpF70FUmC8bwa3OWnCshd2FqLfsEA9PFc4w1p2J65bw=
github.com/inconshreveable/mousetrap v1.1.0 h1:wN+x4NVGpMsO7ErUn/mUI3vEoE6Jt13X2s0bqwp9tc8=
github.com/inconshreveable/mousetrap v1.1.0/go.mod h1:vpF70FUmC8bwa3OWnCshd2FqLfsEA9PFc4w1p2J65bw=
github.com/jessevdk/go-flags v1.6.1 h1:Cvu5U8UGrLay1rZfv/zP7iLpSHGUZ/Ou68T0iX1bBK4=
github.com/jessevdk/go-flags v1.6.1/go.mod h1:Mk8T1hIAWpOiJiHa9rJASDK2UGWji0EuPGBnNLMooyc=
github.com/jinzhu/copier v0.3.5 h1:GlvfUwHk62RokgqVNvYsku0TATCF7bAHVwEXoBh3iJg=
github.com/jinzhu/copier v0.3.5/go.mod h1:DfbEm0FYsaqBcKcFuvmOZb218JkPGtvSHsKg8S8hyyg=
github.com/joshdk/go-junit v1.0.0 h1:S86cUKIdwBHWwA6xCmFlf3RTLfVXYQfvanM5Uh+K6GE=
github.com/joshdk/go-junit v1.0.0/go.mod h1:TiiV0PqkaNfFXjEiyjWM3XXrhVyCa1K4Zfga6W52ung=
github.com/kr/pretty v0.1.0/go.mod h1:dAy3ld7l9f0ibDNOQOHHMYYIIbhfbHSm3C4ZsoJORNo=
github.com/kr/pretty v0.3.1 h1:flRD4NNwYAUpkphVc1HcthR4KEIFJ65n8Mw5qdRn3LE=
github.com/kr/pretty v0.3.1/go.mod h1:hoEshYVHaxMs3cyo3Yncou5ZscifuDolrwPKZanG3xk=
github.com/kr/pty v1.1.1/go.mod h1:pFQYn66WHrOpPYNljwOMqo10TkYh1fy3cYio2l3bCsQ=
github.com/kr/text v0.1.0/go.mod h1:4Jbv+DJW3UT/LiOwJeYQe1efqtUx/iVham/4vfdArNI=
github.com/kr/text v0.2.0 h1:5Nx0Ya0ZqY2ygV366QzturHI13Jq95ApcVaJBhpS+AY=
github.com/kr/text v0.2.0/go.mod h1:eLer722TekiGuMkidMxC/pM04lWEeraHUUmBw8l2grE=
github.com/maruel/natural v1.1.1 h1:Hja7XhhmvEFhcByqDoHz9QZbkWey+COd9xWfCfn1ioo=
github.com/maruel/natural v1.1.1/go.mod h1:v+Rfd79xlw1AgVBjbO0BEQmptqb5HvL/k9GRHB7ZKEg=
github.com/mattn/go-colorable v0.1.12/go.mod h1:u5H1YNBxpqRaxsYJYSkiCWKzEfiAb1Gb520KVy5xxl4=
github.com/mattn/go-colorable v0.1.13 h1:fFA4WZxdEF4tXPZVKMLwD8oUnCTTo08duU7wxecdEvA=
github.com/mattn/go-colorable v0.1.13/go.mod h1:7S9/ev0klgBDR4GtXTXX8a3vIGJpMovkB8vQcUbaXHg=
github.com/mattn/go-isatty v0.0.14/go.mod h1:7GGIvUiUoEMVVmxf/4nioHXj79iQHKdU27kJ6hsGG94=
github.com/mattn/go-isatty v0.0.16/go.mod h1:kYGgaQfpe5nmfYZH+SKPsOc2e4SrIfOl2e/yFXSvRLM=
github.com/mattn/go-isatty v0.0.20 h1:xfD0iDuEKnDkl03q4limB+vH+GxLEtL/jb4xVJSWWEY=
github.com/mattn/go-isatty v0.0.20/go.mod h1:W+V8PltTTMOvKvAeJH7IuucS94S2C6jfK/D7dTCTo3Y=
github.com/maxbrunsfeld/counterfeiter/v6 v6.8.1 h1:NicmruxkeqHjDv03SfSxqmaLuisddudfP3h5wdXFbhM=
github.com/maxbrunsfeld/counterfeiter/v6 v6.8.1/go.mod h1:eyp4DdUJAKkr9tvxR3jWhw2mDK7CWABMG5r9uyaKC7I=
github.com/mfridman/tparse v0.18.0 h1:wh6dzOKaIwkUGyKgOntDW4liXSo37qg5AXbIhkMV3vE=
github.com/mfridman/tparse v0.18.0/go.mod h1:gEvqZTuCgEhPbYk/2lS3Kcxg1GmTxxU7kTC8DvP0i/A=
github.com/mitchellh/copystructure v1.2.0 h1:vpKXTN4ewci03Vljg/q9QvCGUDttBOGBIa15WveJJGw=
github.com/mitchellh/copystructure v1.2.0/go.mod h1:qLl+cE2AmVv+CoeAwDPye/v+N2HKCj9FbZEVFJRxO9s=
github.com/mitchellh/go-homedir v1.1.0 h1:lukF9ziXFxDFPkA1vsr5zpc1XuPDn/wFntq5mG+4E0Y=
github.com/mitchellh/go-homedir v1.1.0/go.mod h1:SfyaCUpYCn1Vlf4IUYiD9fPX4A5wJrkLzIz1N1q0pr0=
github.com/mitchellh/mapstructure v1.5.0 h1:jeMsZIYE/09sWLaz43PL7Gy6RuMjD2eJVyuac5Z2hdY=
github.com/mitchellh/mapstructure v1.5.0/go.mod h1:bFUtVrKA4DC2yAKiSyO/QUcy7e+RRV2QTWOzhPopBRo=
github.com/mitchellh/reflectwalk v1.0.2 h1:G2LzWKi524PWgd3mLHV8Y5k7s6XUvT0Gef6zxSIeXaQ=
github.com/mitchellh/reflectwalk v1.0.2/go.mod h1:mSTlrgnPZtwu0c4WaC2kGObEpuNDbx0jmZXqmk4esnw=
github.com/oklog/ulid/v2 v2.1.1 h1:suPZ4ARWLOJLegGFiZZ1dFAkqzhMjL3J1TzI+5wHz8s=
github.com/oklog/ulid/v2 v2.1.1/go.mod h1:rcEKHmBBKfef9DhnvX7y1HZBYxjXb0cP5ExxNsTT1QQ=
github.com/onsi/ginkgo/v2 v2.27.3 h1:ICsZJ8JoYafeXFFlFAG75a7CxMsJHwgKwtO+82SE9L8=
github.com/onsi/ginkgo/v2 v2.27.3/go.mod h1:ArE1D/XhNXBXCBkKOLkbsb2c81dQHCRcF5zwn/ykDRo=
github.com/onsi/gomega v1.38.2 h1:eZCjf2xjZAqe+LeWvKb5weQ+NcPwX84kqJ0cZNxok2A=
github.com/onsi/gomega v1.38.2/go.mod h1:W2MJcYxRGV63b418Ai34Ud0hEdTVXq9NW9+Sx6uXf3k=
github.com/pborman/getopt v0.0.0-20170112200414-7148bc3a4c30/go.mod h1:85jBQOZwpVEaDAr341tbn15RS4fCAsIst0qp7i8ex1o=
github.com/pelletier/go-toml/v2 v2.3.1 h1:MYEvvGnQjeNkRF1qUuGolNtNExTDwct51yp7olPtrEc=
github.com/pelletier/go-toml/v2 v2.3.1/go.mod h1:2gIqNv+qfxSVS7cM2xJQKtLSTLUE9V8t9Stt+h56mCY=
github.com/pkg/diff v0.0.0-20210226163009-20ebb0f2a09e/go.mod h1:pJLUxLENpZxwdsKMEsNbx1VGcRFpLqf3715MtcvvzbA=
github.com/pkg/errors v0.9.1/go.mod h1:bwawxfHBFNV+L2hUp1rHADufV3IMtnDRdf1r5NINEl0=
github.com/pmezard/go-difflib v1.0.1-0.20181226105442-5d4384ee4fb2 h1:Jamvg5psRIccs7FGNTlIRMkT8wgtp5eCXdBlqhYGL6U=
github.com/pmezard/go-difflib v1.0.1-0.20181226105442-5d4384ee4fb2/go.mod h1:iKH77koFhYxTK1pcRnkKkqfTogsbg7gZNVY4sRDYZ/4=
github.com/rogpeppe/go-internal v1.6.2/go.mod h1:xXDCJY+GAPziupqXw64V24skbSoqbTEfhy4qGm1nDQc=
github.com/rogpeppe/go-internal v1.9.0/go.mod h1:WtVeX8xhTBvf0smdhujwtBcq4Qrzq/fJaraNFVN+nFs=
github.com/rogpeppe/go-internal v1.15.0 h1:D0RCU5rMAp+SpgkiNdrjfJ+LX4J1M32V2NeCY7EJ6hc=
github.com/rogpeppe/go-internal v1.15.0/go.mod h1:DrUVZyrJU+txYW5/1kwtXQSMFio52ZOxX7yM1VHvnxs=
github.com/rs/xid v1.4.0/go.mod h1:trrq9SKmegXys3aeAKXMUTdJsYXVwGY3RLcfgqegfbg=
github.com/rs/zerolog v1.29.0 h1:Zes4hju04hjbvkVkOhdl2HpZa+0PmVwigmo8XoORE5w=
github.com/rs/zerolog v1.29.0/go.mod h1:NILgTygv/Uej1ra5XxGf82ZFSLk58MFGAUS2o6usyD0=
github.com/russross/blackfriday/v2 v2.1.0/go.mod h1:+Rmxgy9KzJVeS9/2gXHxylqXiyQDYRxCVz55jmeOWTM=
github.com/sagikazarmark/locafero v0.12.0 h1:/NQhBAkUb4+fH1jivKHWusDYFjMOOKU88eegjfxfHb4=
github.com/sagikazarmark/locafero v0.12.0/go.mod h1:sZh36u/YSZ918v0Io+U9ogLYQJ9tLLBmM4eneO6WwsI=
github.com/sclevine/spec v1.4.0 h1:z/Q9idDcay5m5irkZ28M7PtQM4aOISzOpj4bUPkDee8=
github.com/sclevine/spec v1.4.0/go.mod h1:LvpgJaFyvQzRvc1kaDs0bulYwzC70PbiYjC4QnFHkOM=
github.com/shopspring/decimal v1.4.0 h1:bxl37RwXBklmTi0C79JfXCEBD1cqqHt0bbgBAGFp81k=
github.com/shopspring/decimal v1.4.0/go.mod h1:gawqmDU56v4yIKSwfBSFip1HdCCXN8/+DMd9qYNcwME=
github.com/spf13/afero v1.15.0 h1:b/YBCLWAJdFWJTN9cLhiXXcD7mzKn9Dm86dNnfyQw1I=
github.com/spf13/afero v1.15.0/go.mod h1:NC2ByUVxtQs4b3sIUphxK0NioZnmxgyCrfzeuq8lxMg=
github.com/spf13/cast v1.10.0 h1:h2x0u2shc1QuLHfxi+cTJvs30+ZAHOGRic8uyGTDWxY=
github.com/spf13/cast v1.10.0/go.mod h1:jNfB8QC9IA6ZuY2ZjDp0KtFO2LZZlg4S/7bzP6qqeHo=
github.com/spf13/cobra v1.6.1 h1:o94oiPyS4KD1mPy2fmcYYHHfCxLqYjJOhGsCHFZtEzA=
github.com/spf13/cobra v1.6.1/go.mod h1:IOw/AERYS7UzyrGinqmz6HLUo219MORXGxhbaJUqzrY=
github.com/spf13/pflag v1.0.5/go.mod h1:McXfInJRrz4CZXVZOBLb0bTZqETkiAhM9Iw0y3An2Bg=
github.com/spf13/pflag v1.0.10 h1:4EBh2KAYBwaONj6b2Ye1GiHfwjqyROoF4RwYO+vPwFk=
github.com/spf13/pflag v1.0.10/go.mod h1:McXfInJRrz4CZXVZOBLb0bTZqETkiAhM9Iw0y3An2Bg=
github.com/spf13/viper v1.21.0 h1:x5S+0EU27Lbphp4UKm1C+1oQO+rKx36vfCoaVebLFSU=
github.com/spf13/viper v1.21.0/go.mod h1:P0lhsswPGWD/1lZJ9ny3fYnVqxiegrlNrEmgLjbTCAY=
github.com/stretchr/objx v0.5.0 h1:1zr/of2m5FGMsad5YfcqgdqdWrIhu+EBEJRhR1U7z/c=
github.com/stretchr/objx v0.5.0/go.mod h1:Yh+to48EsGEfYuaHDzXPcE3xhTkx73EhmCGUpEOglKo=
github.com/stretchr/testify v1.11.1 h1:7s2iGBzp5EwR7/aIZr8ao5+dra3wiQyKjjFuvgVKu7U=
github.com/stretchr/testify v1.11.1/go.mod h1:wZwfW3scLgRK+23gO65QZefKpKQRnfz6sD981Nm4B6U=
github.com/subosito/gotenv v1.6.0 h1:9NlTDc1FTs4qu0DDq7AEtTPNw6SVm7uBMsUCUjABIf8=
github.com/subosito/gotenv v1.6.0/go.mod h1:Dk4QP5c2W3ibzajGcXpNraDfq2IrhjMIvMSWPKKo0FU=
github.com/tidwall/gjson v1.18.0 h1:FIDeeyB800efLX89e5a8Y0BNH+LOngJyGrIWxG2FKQY=
github.com/tidwall/gjson v1.18.0/go.mod h1:/wbyibRr2FHMks5tjHJ5F8dMZh3AcwJEMf5vlfC0lxk=
github.com/tidwall/match v1.1.1 h1:+Ho715JplO36QYgwN9PGYNhgZvoUSc9X2c80KVTi+GA=
github.com/tidwall/match v1.1.1/go.mod h1:eRSPERbgtNPcGhD8UCthc6PmLEQXEWd3PRB5JTxsfmM=
github.com/tidwall/pretty v1.2.1 h1:qjsOFOWWQl+N3RsoF5/ssm1pHmJJwhjlSbZ51I6wMl4=
github.com/tidwall/pretty v1.2.1/go.mod h1:ITEVvHYasfjBbM0u2Pg8T2nJnzm8xPwvNhhsoaGGjNU=
github.com/tidwall/sjson v1.2.5 h1:kLy8mja+1c9jlljvWTlSazM7cKDRfJuR/bOJhcY5NcY=
github.com/tidwall/sjson v1.2.5/go.mod h1:Fvgq9kS/6ociJEDnK0Fk1cpYF4FIW6ZF7LAe+6jwd28=
github.com/toqueteos/webbrowser v1.2.1 h1:O7IsnnU7XQyJ1nHMRfAktUUJOAZD3aQyUVnxzhWphCg=
github.com/toqueteos/webbrowser v1.2.1/go.mod h1:XWoZq4cyp9WeUeak7w7LXRUQf1F1ATJMir8RTqb4ayM=
github.com/vektra/mockery/v2 v2.45.0 h1:TDKO9y0CPv+/gm7KVBOJfzMcBeK7Y044jvaNdgBBVik=
github.com/vektra/mockery/v2 v2.45.0/go.mod h1:XNTE9RIu3deGAGQRVjP1VZxGpQNm0YedZx4oDs3prr8=
github.com/yuin/goldmark v1.2.1/go.mod h1:3hX8gzYuyVAZsxl0MRgGTJEmQBFcNTphYh9decYSb74=
go.yaml.in/yaml/v3 v3.0.4 h1:tfq32ie2Jv2UxXFdLJdh3jXuOzWiL1fo0bu/FbuKpbc=
go.yaml.in/yaml/v3 v3.0.4/go.mod h1:DhzuOOF2ATzADvBadXxruRBLzYTpT36CKvDb3+aBEFg=
golang.org/x/crypto v0.0.0-20190308221718-c2843e01d9a2/go.mod h1:djNgcEr1/C05ACkg1iLfiJU5Ep61QUkGW8qpdssI0+w=
golang.org/x/crypto v0.0.0-20191011191535-87dc89f01550/go.mod h1:yigFU9vqHzYiE8UmvKecakEJjdnWj3jj499lnFckfCI=
golang.org/x/crypto v0.0.0-20200622213623-75b288015ac9/go.mod h1:LzIPMQfyMNhhGPhUkYOs5KpL4U8rLKemX1yGLhDgUto=
golang.org/x/crypto v0.53.0 h1:QZ4Muo8THX6CizN2vPPd5fBGHyogrdK9fG4wLPFUsto=
golang.org/x/crypto v0.53.0/go.mod h1:DNLU434OwVakk9PzuwV8w62mAJpRJL3vsgcfp4Qnsio=
golang.org/x/exp/typeparams v0.0.0-20231108232855-2478ac86f678 h1:1P7xPZEwZMoBoz0Yze5Nx2/4pxj6nw9ZqHWXqP0iRgQ=
golang.org/x/exp/typeparams v0.0.0-20231108232855-2478ac86f678/go.mod h1:AbB0pIl9nAr9wVwH+Z2ZpaocVmF5I4GyWCDIsVjR0bk=
golang.org/x/lint v0.0.0-20210508222113-6edffad5e616 h1:VLliZ0d+/avPrXXH+OakdXhpJuEoBZuwh1m2j7U6Iug=
golang.org/x/lint v0.0.0-20210508222113-6edffad5e616/go.mod h1:3xt1FjdF8hUf6vQPIChWIBhFzV8gjjsPE/fR3IyQdNY=
golang.org/x/mod v0.1.1-0.20191105210325-c90efee705ee/go.mod h1:QqPTAvyqsEbceGzBzNggFXnrqF1CaUcvgkdR5Ot7KZg=
golang.org/x/mod v0.3.0/go.mod h1:s0Qsj1ACt9ePp/hMypM3fl4fZqREWJwdYDEqhRiZZUA=
golang.org/x/mod v0.4.0/go.mod h1:s0Qsj1ACt9ePp/hMypM3fl4fZqREWJwdYDEqhRiZZUA=
golang.org/x/mod v0.37.0 h1:vF1DjpVEshcIqoEaauuHebaLk1O1forxjxBaVn884JQ=
golang.org/x/mod v0.37.0/go.mod h1:m8S8VeM9r4dzDwjrKO0a1sZP3YjeMamRRlD+fmR2Q/0=
golang.org/x/net v0.0.0-20190311183353-d8887717615a/go.mod h1:t9HGtf8HONx5eT2rtn7q6eTqICYqUVnKs3thJo3Qplg=
golang.org/x/net v0.0.0-20190404232315-eb5bcb51f2a3/go.mod h1:t9HGtf8HONx5eT2rtn7q6eTqICYqUVnKs3thJo3Qplg=
golang.org/x/net v0.0.0-20190620200207-3b0461eec859/go.mod h1:z5CRVTTTmAJ677TzLLGU+0bjPO0LkuOLi4/5GtJWs/s=
golang.org/x/net v0.0.0-20201021035429-f5854403a974/go.mod h1:sp8m0HH+o8qH0wwXwYZr8TS3Oi6o0r6Gce1SSxlDquU=
golang.org/x/net v0.56.0 h1:Rw8j/hFzGvJUZwNBXnAtf5sVDVt+65SK2C7IxCxZt5o=
golang.org/x/net v0.56.0/go.mod h1:D3Ku6r+V6JROoZK144D2XfMHFcMq/0zSfLelVTCFKec=
golang.org/x/sync v0.0.0-20190423024810-112230192c58/go.mod h1:RxMgew5VJxzue5/jJTE5uejpjVlOe/izrB70Jof72aM=
golang.org/x/sync v0.0.0-20201020160332-67f06af15bc9/go.mod h1:RxMgew5VJxzue5/jJTE5uejpjVlOe/izrB70Jof72aM=
golang.org/x/sync v0.21.0 h1:HLII4xRRTtCRkxYp4HNFF0Js/Og6q2i++KXbg0gHCwM=
golang.org/x/sync v0.21.0/go.mod h1:9xrNwdLfx4jkKbNva9FpL6vEN7evnE43NNNJQ2LF3+0=
golang.org/x/sys v0.0.0-20190215142949-d0b11bdaac8a/go.mod h1:STP8DvDyc/dI5b8T5hshtkjS+E42TnysNCUPdjciGhY=
golang.org/x/sys v0.0.0-20190412213103-97732733099d/go.mod h1:h1NjWce9XRLGQEsW7wpKNCjG9DtNlClVuFLEZdDNbEs=
golang.org/x/sys v0.0.0-20200930185726-fdedc70b468f/go.mod h1:h1NjWce9XRLGQEsW7wpKNCjG9DtNlClVuFLEZdDNbEs=
golang.org/x/sys v0.0.0-20210630005230-0f9fa26af87c/go.mod h1:oPkhp1MJrh7nUepCBck5+mAzfO9JrbApNNgaTdGDITg=
golang.org/x/sys v0.0.0-20210927094055-39ccf1dd6fa6/go.mod h1:oPkhp1MJrh7nUepCBck5+mAzfO9JrbApNNgaTdGDITg=
golang.org/x/sys v0.0.0-20220811171246-fbc7d0a398ab/go.mod h1:oPkhp1MJrh7nUepCBck5+mAzfO9JrbApNNgaTdGDITg=
golang.org/x/sys v0.6.0/go.mod h1:oPkhp1MJrh7nUepCBck5+mAzfO9JrbApNNgaTdGDITg=
golang.org/x/sys v0.46.0 h1:noSf2Fq6F8DBgS+LysIkx7rIExoNHJsxOAtPp4rthXw=
golang.org/x/sys v0.46.0/go.mod h1:4GL1E5IUh+htKOUEOaiffhrAeqysfVGipDYzABqnCmw=
golang.org/x/telemetry v0.0.0-20260610154732-fb80ec83bdd9 h1:FjUup8XrRy7lv+XHONi6KKUSizeF2NnVrTnz/HhbohQ=
golang.org/x/telemetry v0.0.0-20260610154732-fb80ec83bdd9/go.mod h1:3AWMyWHS+caVoiEXpiq6+tzKA40J4vQT3MYr80ZtQpc=
golang.org/x/term v0.44.0 h1:0rLvDRCtNj0gZkyIXhCyOb2OAzEhLVqc4B+hrsBhrmc=
golang.org/x/term v0.44.0/go.mod h1:7ze4MdzUzLXpSAoFP1H0bOI9aXDqveSvatT5vKcFh2Y=
golang.org/x/text v0.3.0/go.mod h1:NqM8EUOU14njkJ3fqMW+pc6Ldnwhi/IjpwHt7yyuwOQ=
golang.org/x/text v0.3.3/go.mod h1:5Zoc/QRtKVWzQhOtBMvqHzDpF6irO9z98xDceosuGiQ=
golang.org/x/text v0.38.0 h1:sXmwo9DwP3OK9EZ7PqAdaooSGozfl/3a6/xJcbzPRhE=
golang.org/x/text v0.38.0/go.mod h1:YXZt3QhHUKYT53r2lLKFIVi6Ao1jdzrTR/KQ09qyxF4=
golang.org/x/tools v0.0.0-20180917221912-90fa682c2a6e/go.mod h1:n7NCudcB/nEzxVGmLbDWY5pfWTLqBcC2KZ6jyYvM4mQ=
golang.org/x/tools v0.0.0-20190617190820-da514acc4774/go.mod h1:/rFqwRUd4F7ZHNgwSSTFct+R/Kf4OFW1sUzUTQQTgfc=
golang.org/x/tools v0.0.0-20191119224855-298f0cb1881e/go.mod h1:b+2E5dAYhXwXZwtnZ6UAqBI28+e2cm9otk0dWdXHAEo=
golang.org/x/tools v0.0.0-20200130002326-2f3ba24bd6e7/go.mod h1:TB2adYChydJhpapKDTa4BR/hXlZSLoq2Wpct/0txZ28=
golang.org/x/tools v0.0.0-20210101214203-2dba1e4ea05c/go.mod h1:emZCQorbCU4vsT4fOWvOPXz4eW1wZW4PmDk9uLelYpA=
golang.org/x/tools v0.46.0 h1:7jTurBkPZu4moS/Uy4OQT1M+QBlsj3wejyZwsT8Z7rk=
golang.org/x/tools v0.46.0/go.mod h1:FrD85F8l+NWL+9XWBSyVSHO6Ne4jutsfIFba7AWQ5Ys=
golang.org/x/tools/go/expect v0.1.1-deprecated h1:jpBZDwmgPhXsKZC6WhL20P4b/wmnpsEAGHaNy0n/rJM=
golang.org/x/tools/go/expect v0.1.1-deprecated/go.mod h1:eihoPOH+FgIqa3FpoTwguz/bVUSGBlGQU67vpBeOrBY=
golang.org/x/xerrors v0.0.0-20190717185122-a985d3407aa7/go.mod h1:I/5z698sn9Ka8TeJc9MKroUUfqBBauWjQqLJ2OPfmY0=
golang.org/x/xerrors v0.0.0-20191011141410-1b5146add898/go.mod h1:I/5z698sn9Ka8TeJc9MKroUUfqBBauWjQqLJ2OPfmY0=
golang.org/x/xerrors v0.0.0-20191204190536-9bdfabe68543/go.mod h1:I/5z698sn9Ka8TeJc9MKroUUfqBBauWjQqLJ2OPfmY0=
golang.org/x/xerrors v0.0.0-20200804184101-5ec99f83aff1/go.mod h1:I/5z698sn9Ka8TeJc9MKroUUfqBBauWjQqLJ2OPfmY0=
google.golang.org/genproto/googleapis/rpc v0.0.0-20240604185151-ef581f913117 h1:1GBuWVLM/KMVUv1t1En5Gs+gFZCNd360GGb4sSxtrhU=
google.golang.org/genproto/googleapis/rpc v0.0.0-20240604185151-ef581f913117/go.mod h1:EfXuqaE1J41VCDicxHzUDm+8rk+7ZdXzHV0IhO/I6s0=
google.golang.org/grpc v1.65.0 h1:bs/cUb4lp1G5iImFFd3u5ixQzweKizoZJAwBNLR42lc=
google.golang.org/grpc v1.65.0/go.mod h1:WgYC2ypjlB0EiQi6wdKixMqukr6lBc0Vo+oOgjrM5ZQ=
google.golang.org/grpc/cmd/protoc-gen-go-grpc v1.5.1 h1:F29+wU6Ee6qgu9TddPgooOdaqsxTMunOoj8KA5yuS5A=
google.golang.org/grpc/cmd/protoc-gen-go-grpc v1.5.1/go.mod h1:5KF+wpkbTSbGcR9zteSqZV6fqFOWBl4Yde8En8MryZA=
google.golang.org/protobuf v1.36.7 h1:IgrO7UwFQGJdRNXH/sQux4R1Dj1WAKcLElzeeRaXV2A=
google.golang.org/protobuf v1.36.7/go.mod h1:jduwjTPXsFjZGTmRluh+L6NjiWu7pchiJ2/5YcXBHnY=
gopkg.in/check.v1 v0.0.0-20161208181325-20d25e280405/go.mod h1:Co6ibVJAznAaIkqp8huTwlJQCZ016jof/cbN4VW5Yz0=
gopkg.in/check.v1 v1.0.0-20180628173108-788fd7840127/go.mod h1:Co6ibVJAznAaIkqp8huTwlJQCZ016jof/cbN4VW5Yz0=
gopkg.in/check.v1 v1.0.0-20190902080502-41f04d3bba15/go.mod h1:Co6ibVJAznAaIkqp8huTwlJQCZ016jof/cbN4VW5Yz0=
gopkg.in/check.v1 v1.0.0-20201130134442-10cb98267c6c h1:Hei/4ADfdWqJk1ZMxUNpqntNwaWcugrBjAiHlqqRiVk=
gopkg.in/check.v1 v1.0.0-20201130134442-10cb98267c6c/go.mod h1:JHkPIbrfpd72SG/EVd6muEfDQjcINNoR0C8j2r3qZ4Q=
gopkg.in/errgo.v2 v2.1.0/go.mod h1:hNsd1EY+bozCKY1Ytp96fpM3vjJbqLJn88ws8XvfDNI=
gopkg.in/yaml.v2 v2.4.0 h1:D8xgwECY7CYvx+Y2n4sBz93Jn9JRvxdiyyo8CTfuKaY=
gopkg.in/yaml.v2 v2.4.0/go.mod h1:RDklbk79AGWmwhnvt/jBztapEOGDOx6ZbXqjP6csGnQ=
gopkg.in/yaml.v3 v3.0.1 h1:fxVm/GzAzEWqLHuvctI91KS9hhNmmWOoWu0XTYJS7CA=
gopkg.in/yaml.v3 v3.0.1/go.mod h1:K4uyk7z7BCEPqu6E+C64Yfv1cQ7kz7rIZviUmN+EgEM=
honnef.co/go/tools v0.6.0 h1:TAODvD3knlq75WCp2nyGJtT4LeRV/o7NN9nYPeVJXf8=
honnef.co/go/tools v0.6.0/go.mod h1:3puzxxljPCe8RGJX7BIy1plGbxEOZni5mR2aXe3/uk4=
mvdan.cc/gofumpt v0.1.0 h1:hsVv+Y9UsZ/mFZTxJZuHVI6shSQCtzZ11h1JEFPAZLw=
mvdan.cc/gofumpt v0.1.0/go.mod h1:yXG1r1WqZVKWbVRtBWKWX9+CxGYfA51nSomhM0woR48=
